
Microsoft Visual Studio Solution File, Format Version 12.00
# Visual Studio 15
VisualStudioVersion = 15.0.28307.1300
MinimumVisualStudioVersion = 10.0.40219.1
Project("{D954291E-2A0B-460D-934E-DC6B0785DB48}") = "PluginCommon", "PluginCommon.shproj", "{47C82155-13D8-4F89-ACFD-5E3062E4AB3D}"
EndProject
Global
	GlobalSection(SharedMSBuildProjectFiles) = preSolution
		PluginCommon.projitems*{47c82155-13d8-4f89-acfd-5e3062e4ab3d}*SharedItemsImports = 13
	EndGlobalSection
	GlobalSection(SolutionProperties) = preSolution
		HideSolutionNode = FALSE
	EndGlobalSection
	GlobalSection(ExtensibilityGlobals) = postSolution
		SolutionGuid = {D843D3E2-3B8F-45B2-AC50-4F9880E55037}
	EndGlobalSection
EndGlobal
