
Microsoft Visual Studio Solution File, Format Version 12.00
# Visual Studio 15
VisualStudioVersion = 15.0.28307.1300
MinimumVisualStudioVersion = 10.0.40219.1
Project("{D954291E-2A0B-460D-934E-DC6B0785DB48}") = "CommonShared", "CommonShared.shproj", "{27E5D35B-F3CE-4A3F-9705-4564674615A5}"
EndProject
Global
	GlobalSection(SharedMSBuildProjectFiles) = preSolution
		CommonShared.projitems*{27e5d35b-f3ce-4a3f-9705-4564674615a5}*SharedItemsImports = 13
	EndGlobalSection
	GlobalSection(SolutionProperties) = preSolution
		HideSolutionNode = FALSE
	EndGlobalSection
	GlobalSection(ExtensibilityGlobals) = postSolution
		SolutionGuid = {7E531AAC-8606-4CF3-A66A-AC509646A339}
	EndGlobalSection
EndGlobal
